
Microsoft Visual Studio Solution File, Format Version 12.00
# Visual Studio Version 16
VisualStudioVersion = 16.0.31702.278
MinimumVisualStudioVersion = 10.0.40219.1
Project("{FAE04EC0-301F-11D3-BF4B-00C04F79EFBC}") = "REG_MARK_LIB", "REG_MARK_LIB\REG_MARK_LIB.csproj", "{848CC3F4-CD90-483C-A162-8F569B47A960}"
EndProject
Global
	GlobalSection(SolutionConfigurationPlatforms) = preSolution
		Debug|Any CPU = Debug|Any CPU
		Release|Any CPU = Release|Any CPU
	EndGlobalSection
	GlobalSection(ProjectConfigurationPlatforms) = postSolution
		{848CC3F4-CD90-483C-A162-8F569B47A960}.Debug|Any CPU.ActiveCfg = Debug|Any CPU
		{848CC3F4-CD90-483C-A162-8F569B47A960}.Debug|Any CPU.Build.0 = Debug|Any CPU
		{848CC3F4-CD90-483C-A162-8F569B47A960}.Release|Any CPU.ActiveCfg = Release|Any CPU
		{848CC3F4-CD90-483C-A162-8F569B47A960}.Release|Any CPU.Build.0 = Release|Any CPU
	EndGlobalSection
	GlobalSection(SolutionProperties) = preSolution
		HideSolutionNode = FALSE
	EndGlobalSection
	GlobalSection(ExtensibilityGlobals) = postSolution
		SolutionGuid = {984E3E78-5394-43E5-8D96-4B69290EFFD0}
	EndGlobalSection
EndGlobal
