
Microsoft Visual Studio Solution File, Format Version 12.00
# Visual Studio Version 16
VisualStudioVersion = 16.0.31702.278
MinimumVisualStudioVersion = 10.0.40219.1
Project("{FAE04EC0-301F-11D3-BF4B-00C04F79EFBC}") = "GAIManagment", "GAIManagment\GAIManagment.csproj", "{22BA21F5-6230-49E4-BA05-A06F7EBD5FD0}"
EndProject
Global
	GlobalSection(SolutionConfigurationPlatforms) = preSolution
		Debug|Any CPU = Debug|Any CPU
		Release|Any CPU = Release|Any CPU
	EndGlobalSection
	GlobalSection(ProjectConfigurationPlatforms) = postSolution
		{22BA21F5-6230-49E4-BA05-A06F7EBD5FD0}.Debug|Any CPU.ActiveCfg = Debug|Any CPU
		{22BA21F5-6230-49E4-BA05-A06F7EBD5FD0}.Debug|Any CPU.Build.0 = Debug|Any CPU
		{22BA21F5-6230-49E4-BA05-A06F7EBD5FD0}.Release|Any CPU.ActiveCfg = Release|Any CPU
		{22BA21F5-6230-49E4-BA05-A06F7EBD5FD0}.Release|Any CPU.Build.0 = Release|Any CPU
	EndGlobalSection
	GlobalSection(SolutionProperties) = preSolution
		HideSolutionNode = FALSE
	EndGlobalSection
	GlobalSection(ExtensibilityGlobals) = postSolution
		SolutionGuid = {7E31812D-E44E-45B7-974E-707D30513F9C}
	EndGlobalSection
EndGlobal
